
Microsoft Visual Studio Solution File, Format Version 12.00
# Visual Studio Version 16
VisualStudioVersion = 16.6.30114.105
MinimumVisualStudioVersion = 10.0.40219.1
Project("{2150E333-8FDC-42A3-9474-1A3956D46DE8}") = "Services", "Services", "{2E2373CA-F521-4F61-B6BD-6741460091A4}"
EndProject
Project("{2150E333-8FDC-42A3-9474-1A3956D46DE8}") = "Catalog", "Catalog", "{107BC1B8-F0C6-4EEB-B14F-396B98CAA034}"
EndProject
Project("{9A19103F-16F7-4668-BE54-9A1E7A4F7556}") = "Catalog.Api", "Services\Catalog\Catalog.Api\Catalog.Api.csproj", "{D80C3A10-6CF1-423B-8F53-13CBC10F7473}"
EndProject
Project("{E53339B2-1760-4266-BCC7-CA923CBCF16C}") = "docker-compose", "docker-compose.dcproj", "{9B7DDEB9-0CF0-46A2-8583-2345E6414257}"
EndProject
Project("{2150E333-8FDC-42A3-9474-1A3956D46DE8}") = "Basket", "Basket", "{081C4664-4D14-4A26-B35E-07223738B0DD}"
EndProject
Project("{9A19103F-16F7-4668-BE54-9A1E7A4F7556}") = "Basket.Api", "Services\Basket\Basket.Api\Basket.Api.csproj", "{4D61903A-9DCF-4F5C-870A-F830F7C6D1F6}"
EndProject
Project("{2150E333-8FDC-42A3-9474-1A3956D46DE8}") = "Discount", "Discount", "{DC3A4930-AD9A-4265-B6FF-73D9653555B0}"
EndProject
Project("{9A19103F-16F7-4668-BE54-9A1E7A4F7556}") = "Discount.Api", "Services\Discount\Discount.Api\Discount.Api.csproj", "{109BF337-AF2D-4114-85B6-FFF1A4307854}"
EndProject
Project("{9A19103F-16F7-4668-BE54-9A1E7A4F7556}") = "Discount.Grpc", "Services\Discount\Discount.Grpc\Discount.Grpc.csproj", "{B248E813-4642-427E-B17D-A508BA8AD0D6}"
EndProject
Global
	GlobalSection(SolutionConfigurationPlatforms) = preSolution
		Debug|Any CPU = Debug|Any CPU
		Debug|x64 = Debug|x64
		Debug|x86 = Debug|x86
		Release|Any CPU = Release|Any CPU
		Release|x64 = Release|x64
		Release|x86 = Release|x86
	EndGlobalSection
	GlobalSection(ProjectConfigurationPlatforms) = postSolution
		{D80C3A10-6CF1-423B-8F53-13CBC10F7473}.Debug|Any CPU.ActiveCfg = Debug|Any CPU
		{D80C3A10-6CF1-423B-8F53-13CBC10F7473}.Debug|Any CPU.Build.0 = Debug|Any CPU
		{D80C3A10-6CF1-423B-8F53-13CBC10F7473}.Debug|x64.ActiveCfg = Debug|Any CPU
		{D80C3A10-6CF1-423B-8F53-13CBC10F7473}.Debug|x64.Build.0 = Debug|Any CPU
		{D80C3A10-6CF1-423B-8F53-13CBC10F7473}.Debug|x86.ActiveCfg = Debug|Any CPU
		{D80C3A10-6CF1-423B-8F53-13CBC10F7473}.Debug|x86.Build.0 = Debug|Any CPU
		{D80C3A10-6CF1-423B-8F53-13CBC10F7473}.Release|Any CPU.ActiveCfg = Release|Any CPU
		{D80C3A10-6CF1-423B-8F53-13CBC10F7473}.Release|Any CPU.Build.0 = Release|Any CPU
		{D80C3A10-6CF1-423B-8F53-13CBC10F7473}.Release|x64.ActiveCfg = Release|Any CPU
		{D80C3A10-6CF1-423B-8F53-13CBC10F7473}.Release|x64.Build.0 = Release|Any CPU
		{D80C3A10-6CF1-423B-8F53-13CBC10F7473}.Release|x86.ActiveCfg = Release|Any CPU
		{D80C3A10-6CF1-423B-8F53-13CBC10F7473}.Release|x86.Build.0 = Release|Any CPU
		{9B7DDEB9-0CF0-46A2-8583-2345E6414257}.Debug|Any CPU.ActiveCfg = Debug|Any CPU
		{9B7DDEB9-0CF0-46A2-8583-2345E6414257}.Debug|Any CPU.Build.0 = Debug|Any CPU
		{9B7DDEB9-0CF0-46A2-8583-2345E6414257}.Debug|x64.ActiveCfg = Debug|Any CPU
		{9B7DDEB9-0CF0-46A2-8583-2345E6414257}.Debug|x64.Build.0 = Debug|Any CPU
		{9B7DDEB9-0CF0-46A2-8583-2345E6414257}.Debug|x86.ActiveCfg = Debug|Any CPU
		{9B7DDEB9-0CF0-46A2-8583-2345E6414257}.Debug|x86.Build.0 = Debug|Any CPU
		{9B7DDEB9-0CF0-46A2-8583-2345E6414257}.Release|Any CPU.ActiveCfg = Release|Any CPU
		{9B7DDEB9-0CF0-46A2-8583-2345E6414257}.Release|Any CPU.Build.0 = Release|Any CPU
		{9B7DDEB9-0CF0-46A2-8583-2345E6414257}.Release|x64.ActiveCfg = Release|Any CPU
		{9B7DDEB9-0CF0-46A2-8583-2345E6414257}.Release|x64.Build.0 = Release|Any CPU
		{9B7DDEB9-0CF0-46A2-8583-2345E6414257}.Release|x86.ActiveCfg = Release|Any CPU
		{9B7DDEB9-0CF0-46A2-8583-2345E6414257}.Release|x86.Build.0 = Release|Any CPU
		{4D61903A-9DCF-4F5C-870A-F830F7C6D1F6}.Debug|Any CPU.ActiveCfg = Debug|Any CPU
		{4D61903A-9DCF-4F5C-870A-F830F7C6D1F6}.Debug|Any CPU.Build.0 = Debug|Any CPU
		{4D61903A-9DCF-4F5C-870A-F830F7C6D1F6}.Debug|x64.ActiveCfg = Debug|Any CPU
		{4D61903A-9DCF-4F5C-870A-F830F7C6D1F6}.Debug|x64.Build.0 = Debug|Any CPU
		{4D61903A-9DCF-4F5C-870A-F830F7C6D1F6}.Debug|x86.ActiveCfg = Debug|Any CPU
		{4D61903A-9DCF-4F5C-870A-F830F7C6D1F6}.Debug|x86.Build.0 = Debug|Any CPU
		{4D61903A-9DCF-4F5C-870A-F830F7C6D1F6}.Release|Any CPU.ActiveCfg = Release|Any CPU
		{4D61903A-9DCF-4F5C-870A-F830F7C6D1F6}.Release|Any CPU.Build.0 = Release|Any CPU
		{4D61903A-9DCF-4F5C-870A-F830F7C6D1F6}.Release|x64.ActiveCfg = Release|Any CPU
		{4D61903A-9DCF-4F5C-870A-F830F7C6D1F6}.Release|x64.Build.0 = Release|Any CPU
		{4D61903A-9DCF-4F5C-870A-F830F7C6D1F6}.Release|x86.ActiveCfg = Release|Any CPU
		{4D61903A-9DCF-4F5C-870A-F830F7C6D1F6}.Release|x86.Build.0 = Release|Any CPU
		{109BF337-AF2D-4114-85B6-FFF1A4307854}.Debug|Any CPU.ActiveCfg = Debug|Any CPU
		{109BF337-AF2D-4114-85B6-FFF1A4307854}.Debug|Any CPU.Build.0 = Debug|Any CPU
		{109BF337-AF2D-4114-85B6-FFF1A4307854}.Debug|x64.ActiveCfg = Debug|Any CPU
		{109BF337-AF2D-4114-85B6-FFF1A4307854}.Debug|x64.Build.0 = Debug|Any CPU
		{109BF337-AF2D-4114-85B6-FFF1A4307854}.Debug|x86.ActiveCfg = Debug|Any CPU
		{109BF337-AF2D-4114-85B6-FFF1A4307854}.Debug|x86.Build.0 = Debug|Any CPU
		{109BF337-AF2D-4114-85B6-FFF1A4307854}.Release|Any CPU.ActiveCfg = Release|Any CPU
		{109BF337-AF2D-4114-85B6-FFF1A4307854}.Release|Any CPU.Build.0 = Release|Any CPU
		{109BF337-AF2D-4114-85B6-FFF1A4307854}.Release|x64.ActiveCfg = Release|Any CPU
		{109BF337-AF2D-4114-85B6-FFF1A4307854}.Release|x64.Build.0 = Release|Any CPU
		{109BF337-AF2D-4114-85B6-FFF1A4307854}.Release|x86.ActiveCfg = Release|Any CPU
		{109BF337-AF2D-4114-85B6-FFF1A4307854}.Release|x86.Build.0 = Release|Any CPU
		{B248E813-4642-427E-B17D-A508BA8AD0D6}.Debug|Any CPU.ActiveCfg = Debug|Any CPU
		{B248E813-4642-427E-B17D-A508BA8AD0D6}.Debug|Any CPU.Build.0 = Debug|Any CPU
		{B248E813-4642-427E-B17D-A508BA8AD0D6}.Debug|x64.ActiveCfg = Debug|Any CPU
		{B248E813-4642-427E-B17D-A508BA8AD0D6}.Debug|x64.Build.0 = Debug|Any CPU
		{B248E813-4642-427E-B17D-A508BA8AD0D6}.Debug|x86.ActiveCfg = Debug|Any CPU
		{B248E813-4642-427E-B17D-A508BA8AD0D6}.Debug|x86.Build.0 = Debug|Any CPU
		{B248E813-4642-427E-B17D-A508BA8AD0D6}.Release|Any CPU.ActiveCfg = Release|Any CPU
		{B248E813-4642-427E-B17D-A508BA8AD0D6}.Release|Any CPU.Build.0 = Release|Any CPU
		{B248E813-4642-427E-B17D-A508BA8AD0D6}.Release|x64.ActiveCfg = Release|Any CPU
		{B248E813-4642-427E-B17D-A508BA8AD0D6}.Release|x64.Build.0 = Release|Any CPU
		{B248E813-4642-427E-B17D-A508BA8AD0D6}.Release|x86.ActiveCfg = Release|Any CPU
		{B248E813-4642-427E-B17D-A508BA8AD0D6}.Release|x86.Build.0 = Release|Any CPU
	EndGlobalSection
	GlobalSection(SolutionProperties) = preSolution
		HideSolutionNode = FALSE
	EndGlobalSection
	GlobalSection(NestedProjects) = preSolution
		{107BC1B8-F0C6-4EEB-B14F-396B98CAA034} = {2E2373CA-F521-4F61-B6BD-6741460091A4}
		{D80C3A10-6CF1-423B-8F53-13CBC10F7473} = {107BC1B8-F0C6-4EEB-B14F-396B98CAA034}
		{081C4664-4D14-4A26-B35E-07223738B0DD} = {2E2373CA-F521-4F61-B6BD-6741460091A4}
		{4D61903A-9DCF-4F5C-870A-F830F7C6D1F6} = {081C4664-4D14-4A26-B35E-07223738B0DD}
		{DC3A4930-AD9A-4265-B6FF-73D9653555B0} = {2E2373CA-F521-4F61-B6BD-6741460091A4}
		{109BF337-AF2D-4114-85B6-FFF1A4307854} = {DC3A4930-AD9A-4265-B6FF-73D9653555B0}
		{B248E813-4642-427E-B17D-A508BA8AD0D6} = {DC3A4930-AD9A-4265-B6FF-73D9653555B0}
	EndGlobalSection
	GlobalSection(ExtensibilityGlobals) = postSolution
		SolutionGuid = {285E22CC-9F85-4C79-8363-DFCAD8972A19}
	EndGlobalSection
EndGlobal
